
Microsoft Visual Studio Solution File, Format Version 12.00
# Visual Studio Version 16
VisualStudioVersion = 16.0.32002.261
MinimumVisualStudioVersion = 10.0.40219.1
Project("{FAE04EC0-301F-11D3-BF4B-00C04F79EFBC}") = "UkraineToursAPI", "UkraineToursAPI.csproj", "{83153AB7-6366-49B8-8789-2CBF65A78B2E}"
EndProject
Global
	GlobalSection(SolutionConfigurationPlatforms) = preSolution
		Debug|Any CPU = Debug|Any CPU
		Release|Any CPU = Release|Any CPU
	EndGlobalSection
	GlobalSection(ProjectConfigurationPlatforms) = postSolution
		{83153AB7-6366-49B8-8789-2CBF65A78B2E}.Debug|Any CPU.ActiveCfg = Debug|Any CPU
		{83153AB7-6366-49B8-8789-2CBF65A78B2E}.Debug|Any CPU.Build.0 = Debug|Any CPU
		{83153AB7-6366-49B8-8789-2CBF65A78B2E}.Release|Any CPU.ActiveCfg = Release|Any CPU
		{83153AB7-6366-49B8-8789-2CBF65A78B2E}.Release|Any CPU.Build.0 = Release|Any CPU
	EndGlobalSection
	GlobalSection(SolutionProperties) = preSolution
		HideSolutionNode = FALSE
	EndGlobalSection
	GlobalSection(ExtensibilityGlobals) = postSolution
		SolutionGuid = {5B6EFB9F-C890-4ED0-8BD7-2520E4D4DFCD}
	EndGlobalSection
EndGlobal
